PODS:
  - DTCoreText (1.6.15):
    - DTFoundation/Core (~> 1.7.5)
    - DTFoundation/DTAnimatedGIF (~> 1.7.5)
    - DTFoundation/DTHTMLParser (~> 1.7.5)
    - DTFoundation/UIKit (~> 1.7.5)
  - DTFoundation/Core (1.7.5)
  - DTFoundation/DTAnimatedGIF (1.7.5)
  - DTFoundation/DTHTMLParser (1.7.5):
    - DTFoundation/Core
  - DTFoundation/UIKit (1.7.5):
    - DTFoundation/Core
  - JTLocalize (0.1.1)

DEPENDENCIES:
  - DTCoreText
  - JTLocalize (from `../JTLocalize.podspec`)

EXTERNAL SOURCES:
  JTLocalize:
    :path: ../JTLocalize.podspec

SPEC CHECKSUMS:
  DTCoreText: 13ce06e63204a3b47c9db974e3d9be982bb0b1ed
  DTFoundation: 1d28080c20c3da041706545363f8238ab53a6204
  JTLocalize: 6a484b9a4041f7e4df08ef29691af6d1c958ae21

COCOAPODS: 0.35.0
