// !$*UTF8*$!
{
	archiveVersion = 1;
	classes = {
	};
	objectVersion = 46;
	objects = {

/* Begin PBXBuildFile section */
		932D8CC3F42C4F09805E9663 /* libPods.a in Frameworks */ = {isa = PBXBuildFile; fileRef = 24AC1A5BBD8D43CAA6F50374 /* libPods.a */; };
		A06033BB198005660057A8AC /* Foundation.framework in Frameworks */ = {isa = PBXBuildFile; fileRef = A06033BA198005660057A8AC /* Foundation.framework */; };
		A06033BD198005660057A8AC /* CoreGraphics.framework in Frameworks */ = {isa = PBXBuildFile; fileRef = A06033BC198005660057A8AC /* CoreGraphics.framework */; };
		A06033BF198005660057A8AC /* UIKit.framework in Frameworks */ = {isa = PBXBuildFile; fileRef = A06033BE198005660057A8AC /* UIKit.framework */; };
		A06033C7198005660057A8AC /* main.m in Sources */ = {isa = PBXBuildFile; fileRef = A06033C6198005660057A8AC /* main.m */; };
		A06033CB198005660057A8AC /* JTAppDelegate.m in Sources */ = {isa = PBXBuildFile; fileRef = A06033CA198005660057A8AC /* JTAppDelegate.m */; };
		A06033D1198005660057A8AC /* JTViewController.m in Sources */ = {isa = PBXBuildFile; fileRef = A06033D0198005660057A8AC /* JTViewController.m */; };
		A06033D3198005660057A8AC /* Images.xcassets in Resources */ = {isa = PBXBuildFile; fileRef = A06033D2198005660057A8AC /* Images.xcassets */; };
		A06033FF198119020057A8AC /* DTAttributedLabel+JTLocalizeExtensions.m in Sources */ = {isa = PBXBuildFile; fileRef = A06033FE198119020057A8AC /* DTAttributedLabel+JTLocalizeExtensions.m */; };
		A06034021981374E0057A8AC /* JTAttributedLabelWithLink.m in Sources */ = {isa = PBXBuildFile; fileRef = A06034011981374E0057A8AC /* JTAttributedLabelWithLink.m */; };
		A060340919815A740057A8AC /* UIView+JTLocalizeExtensions.m in Sources */ = {isa = PBXBuildFile; fileRef = A060340819815A740057A8AC /* UIView+JTLocalizeExtensions.m */; };
		FC142A7619C9C4F900CC4111 /* JTLocalizable.bundle in Resources */ = {isa = PBXBuildFile; fileRef = FC142A7519C9C4F900CC4111 /* JTLocalizable.bundle */; };
		FC70600A1AA5DC5000E55088 /* JTSwiftPOC.swift in Sources */ = {isa = PBXBuildFile; fileRef = FC7060091AA5DC5000E55088 /* JTSwiftPOC.swift */; };
		FC70600F1AA895CF00E55088 /* Main.storyboard in Resources */ = {isa = PBXBuildFile; fileRef = FC7060111AA895D000E55088 /* Main.storyboard */; };
/* End PBXBuildFile section */

/* Begin PBXFileReference section */
		24AC1A5BBD8D43CAA6F50374 /* libPods.a */ = {isa = PBXFileReference; explicitFileType = archive.ar; includeInIndex = 0; path = libPods.a; sourceTree = BUILT_PRODUCTS_DIR; };
		704788B19F54AD7921602F93 /* Pods.release.xcconfig */ = {isa = PBXFileReference; includeInIndex = 1; lastKnownFileType = text.xcconfig; name = Pods.release.xcconfig; path = "Pods/Target Support Files/Pods/Pods.release.xcconfig"; sourceTree = "<group>"; };
		A06033B7198005660057A8AC /* JTLocalizeExample.app */ = {isa = PBXFileReference; explicitFileType = wrapper.application; includeInIndex = 0; path = JTLocalizeExample.app; sourceTree = BUILT_PRODUCTS_DIR; };
		A06033BA198005660057A8AC /* Foundation.framework */ = {isa = PBXFileReference; lastKnownFileType = wrapper.framework; name = Foundation.framework; path = System/Library/Frameworks/Foundation.framework; sourceTree = SDKROOT; };
		A06033BC198005660057A8AC /* CoreGraphics.framework */ = {isa = PBXFileReference; lastKnownFileType = wrapper.framework; name = CoreGraphics.framework; path = System/Library/Frameworks/CoreGraphics.framework; sourceTree = SDKROOT; };
		A06033BE198005660057A8AC /* UIKit.framework */ = {isa = PBXFileReference; lastKnownFileType = wrapper.framework; name = UIKit.framework; path = System/Library/Frameworks/UIKit.framework; sourceTree = SDKROOT; };
		A06033C6198005660057A8AC /* main.m */ = {isa = PBXFileReference; lastKnownFileType = sourcecode.c.objc; path = main.m; sourceTree = "<group>"; };
		A06033C8198005660057A8AC /* JTLocalizeExample-Prefix.pch */ = {isa = PBXFileReference; lastKnownFileType = sourcecode.c.h; path = "JTLocalizeExample-Prefix.pch"; sourceTree = "<group>"; };
		A06033C9198005660057A8AC /* JTAppDelegate.h */ = {isa = PBXFileReference; lastKnownFileType = sourcecode.c.h; path = JTAppDelegate.h; sourceTree = "<group>"; };
		A06033CA198005660057A8AC /* JTAppDelegate.m */ = {isa = PBXFileReference; lastKnownFileType = sourcecode.c.objc; path = JTAppDelegate.m; sourceTree = "<group>"; };
		A06033CF198005660057A8AC /* JTViewController.h */ = {isa = PBXFileReference; lastKnownFileType = sourcecode.c.h; path = JTViewController.h; sourceTree = "<group>"; };
		A06033D0198005660057A8AC /* JTViewController.m */ = {isa = PBXFileReference; lastKnownFileType = sourcecode.c.objc; path = JTViewController.m; sourceTree = "<group>"; };
		A06033D2198005660057A8AC /* Images.xcassets */ = {isa = PBXFileReference; lastKnownFileType = folder.assetcatalog; path = Images.xcassets; sourceTree = "<group>"; };
		A06033D9198005660057A8AC /* XCTest.framework */ = {isa = PBXFileReference; lastKnownFileType = wrapper.framework; name = XCTest.framework; path = Library/Frameworks/XCTest.framework; sourceTree = DEVELOPER_DIR; };
		A06033FD198119020057A8AC /* DTAttributedLabel+JTLocalizeExtensions.h */ = {isa = PBXFileReference; fileEncoding = 4; lastKnownFileType = sourcecode.c.h; path = "DTAttributedLabel+JTLocalizeExtensions.h"; sourceTree = "<group>"; };
		A06033FE198119020057A8AC /* DTAttributedLabel+JTLocalizeExtensions.m */ = {isa = PBXFileReference; fileEncoding = 4; lastKnownFileType = sourcecode.c.objc; path = "DTAttributedLabel+JTLocalizeExtensions.m"; sourceTree = "<group>"; };
		A06034001981374E0057A8AC /* JTAttributedLabelWithLink.h */ = {isa = PBXFileReference; fileEncoding = 4; lastKnownFileType = sourcecode.c.h; path = JTAttributedLabelWithLink.h; sourceTree = "<group>"; };
		A06034011981374E0057A8AC /* JTAttributedLabelWithLink.m */ = {isa = PBXFileReference; fileEncoding = 4; lastKnownFileType = sourcecode.c.objc; path = JTAttributedLabelWithLink.m; sourceTree = "<group>"; };
		A060340719815A740057A8AC /* UIView+JTLocalizeExtensions.h */ = {isa = PBXFileReference; fileEncoding = 4; lastKnownFileType = sourcecode.c.h; path = "UIView+JTLocalizeExtensions.h"; sourceTree = "<group>"; };
		A060340819815A740057A8AC /* UIView+JTLocalizeExtensions.m */ = {isa = PBXFileReference; fileEncoding = 4; lastKnownFileType = sourcecode.c.objc; path = "UIView+JTLocalizeExtensions.m"; sourceTree = "<group>"; };
		BC23987EF043E41D4C4C0D9B /* Pods.debug.xcconfig */ = {isa = PBXFileReference; includeInIndex = 1; lastKnownFileType = text.xcconfig; name = Pods.debug.xcconfig; path = "Pods/Target Support Files/Pods/Pods.debug.xcconfig"; sourceTree = "<group>"; };
		FC142A7519C9C4F900CC4111 /* JTLocalizable.bundle */ = {isa = PBXFileReference; lastKnownFileType = "wrapper.plug-in"; path = JTLocalizable.bundle; sourceTree = "<group>"; };
		FC7060081AA5DC4F00E55088 /* JTLocalizeExample-Bridging-Header.h */ = {isa = PBXFileReference; lastKnownFileType = sourcecode.c.h; path = "JTLocalizeExample-Bridging-Header.h"; sourceTree = "<group>"; };
		FC7060091AA5DC5000E55088 /* JTSwiftPOC.swift */ = {isa = PBXFileReference; fileEncoding = 4; lastKnownFileType = sourcecode.swift; path = JTSwiftPOC.swift; sourceTree = "<group>"; };
		FC7060101AA895D000E55088 /* Base */ = {isa = PBXFileReference; lastKnownFileType = file.storyboard; name = Base; path = Base.lproj/Main.storyboard; sourceTree = "<group>"; };
		FC7060131AA895DE00E55088 /* he */ = {isa = PBXFileReference; lastKnownFileType = text.plist.strings; name = he; path = he.lproj/Main.strings; sourceTree = "<group>"; };
/* End PBXFileReference section */

/* Begin PBXFrameworksBuildPhase section */
		A06033B4198005660057A8AC /* Frameworks */ = {
			isa = PBXFrameworksBuildPhase;
			buildActionMask = 2147483647;
			files = (
				A06033BD198005660057A8AC /* CoreGraphics.framework in Frameworks */,
				A06033BF198005660057A8AC /* UIKit.framework in Frameworks */,
				A06033BB198005660057A8AC /* Foundation.framework in Frameworks */,
				932D8CC3F42C4F09805E9663 /* libPods.a in Frameworks */,
			);
			runOnlyForDeploymentPostprocessing = 0;
		};
/* End PBXFrameworksBuildPhase section */

/* Begin PBXGroup section */
		A06033AE198005660057A8AC = {
			isa = PBXGroup;
			children = (
				FC142A7519C9C4F900CC4111 /* JTLocalizable.bundle */,
				A06033C0198005660057A8AC /* JTLocalizeExample */,
				A06033B9198005660057A8AC /* Frameworks */,
				A06033B8198005660057A8AC /* Products */,
				F580254DD405556484A93BF9 /* Pods */,
			);
			sourceTree = "<group>";
		};
		A06033B8198005660057A8AC /* Products */ = {
			isa = PBXGroup;
			children = (
				A06033B7198005660057A8AC /* JTLocalizeExample.app */,
			);
			name = Products;
			sourceTree = "<group>";
		};
		A06033B9198005660057A8AC /* Frameworks */ = {
			isa = PBXGroup;
			children = (
				A06033BA198005660057A8AC /* Foundation.framework */,
				A06033BC198005660057A8AC /* CoreGraphics.framework */,
				A06033BE198005660057A8AC /* UIKit.framework */,
				A06033D9198005660057A8AC /* XCTest.framework */,
				24AC1A5BBD8D43CAA6F50374 /* libPods.a */,
			);
			name = Frameworks;
			sourceTree = "<group>";
		};
		A06033C0198005660057A8AC /* JTLocalizeExample */ = {
			isa = PBXGroup;
			children = (
				FC7060111AA895D000E55088 /* Main.storyboard */,
				A06033C9198005660057A8AC /* JTAppDelegate.h */,
				A06033CA198005660057A8AC /* JTAppDelegate.m */,
				A06033CF198005660057A8AC /* JTViewController.h */,
				A06033D0198005660057A8AC /* JTViewController.m */,
				A06033FD198119020057A8AC /* DTAttributedLabel+JTLocalizeExtensions.h */,
				A06033FE198119020057A8AC /* DTAttributedLabel+JTLocalizeExtensions.m */,
				A06034001981374E0057A8AC /* JTAttributedLabelWithLink.h */,
				A06034011981374E0057A8AC /* JTAttributedLabelWithLink.m */,
				A060340719815A740057A8AC /* UIView+JTLocalizeExtensions.h */,
				A060340819815A740057A8AC /* UIView+JTLocalizeExtensions.m */,
				FC7060091AA5DC5000E55088 /* JTSwiftPOC.swift */,
				FC7060081AA5DC4F00E55088 /* JTLocalizeExample-Bridging-Header.h */,
				A06033D2198005660057A8AC /* Images.xcassets */,
				A06033C1198005660057A8AC /* Supporting Files */,
			);
			path = JTLocalizeExample;
			sourceTree = "<group>";
		};
		A06033C1198005660057A8AC /* Supporting Files */ = {
			isa = PBXGroup;
			children = (
				A06033C6198005660057A8AC /* main.m */,
				A06033C8198005660057A8AC /* JTLocalizeExample-Prefix.pch */,
			);
			name = "Supporting Files";
			sourceTree = "<group>";
		};
		F580254DD405556484A93BF9 /* Pods */ = {
			isa = PBXGroup;
			children = (
				BC23987EF043E41D4C4C0D9B /* Pods.debug.xcconfig */,
				704788B19F54AD7921602F93 /* Pods.release.xcconfig */,
			);
			name = Pods;
			sourceTree = "<group>";
		};
/* End PBXGroup section */

/* Begin PBXNativeTarget section */
		A06033B6198005660057A8AC /* JTLocalizeExample */ = {
			isa = PBXNativeTarget;
			buildConfigurationList = A06033E9198005670057A8AC /* Build configuration list for PBXNativeTarget "JTLocalizeExample" */;
			buildPhases = (
				555065B875F14437AC5BB676 /* Check Pods Manifest.lock */,
				A06033B3198005660057A8AC /* Sources */,
				A06033B4198005660057A8AC /* Frameworks */,
				A06033B5198005660057A8AC /* Resources */,
				913BCC390F9C4BECBB3E27A9 /* Copy Pods Resources */,
			);
			buildRules = (
			);
			dependencies = (
			);
			name = JTLocalizeExample;
			productName = JTLocalizeExample;
			productReference = A06033B7198005660057A8AC /* JTLocalizeExample.app */;
			productType = "com.apple.product-type.application";
		};
/* End PBXNativeTarget section */

/* Begin PBXProject section */
		A06033AF198005660057A8AC /* Project object */ = {
			isa = PBXProject;
			attributes = {
				CLASSPREFIX = JT;
				LastUpgradeCheck = 0510;
				ORGANIZATIONNAME = JoyTunes;
			};
			buildConfigurationList = A06033B2198005660057A8AC /* Build configuration list for PBXProject "JTLocalizeExample" */;
			compatibilityVersion = "Xcode 3.2";
			developmentRegion = English;
			hasScannedForEncodings = 0;
			knownRegions = (
				en,
				Base,
				he,
			);
			mainGroup = A06033AE198005660057A8AC;
			productRefGroup = A06033B8198005660057A8AC /* Products */;
			projectDirPath = "";
			projectRoot = "";
			targets = (
				A06033B6198005660057A8AC /* JTLocalizeExample */,
			);
		};
/* End PBXProject section */

/* Begin PBXResourcesBuildPhase section */
		A06033B5198005660057A8AC /* Resources */ = {
			isa = PBXResourcesBuildPhase;
			buildActionMask = 2147483647;
			files = (
				FC142A7619C9C4F900CC4111 /* JTLocalizable.bundle in Resources */,
				FC70600F1AA895CF00E55088 /* Main.storyboard in Resources */,
				A06033D3198005660057A8AC /* Images.xcassets in Resources */,
			);
			runOnlyForDeploymentPostprocessing = 0;
		};
/* End PBXResourcesBuildPhase section */

/* Begin PBXShellScriptBuildPhase section */
		555065B875F14437AC5BB676 /* Check Pods Manifest.lock */ = {
			isa = PBXShellScriptBuildPhase;
			buildActionMask = 2147483647;
			files = (
			);
			inputPaths = (
			);
			name = "Check Pods Manifest.lock";
			outputPaths = (
			);
			runOnlyForDeploymentPostprocessing = 0;
			shellPath = /bin/sh;
			shellScript = "diff \"${PODS_ROOT}/../Podfile.lock\" \"${PODS_ROOT}/Manifest.lock\" > /dev/null\nif [[ $? != 0 ]] ; then\n    cat << EOM\nerror: The sandbox is not in sync with the Podfile.lock. Run 'pod install' or update your CocoaPods installation.\nEOM\n    exit 1\nfi\n";
			showEnvVarsInLog = 0;
		};
		913BCC390F9C4BECBB3E27A9 /* Copy Pods Resources */ = {
			isa = PBXShellScriptBuildPhase;
			buildActionMask = 2147483647;
			files = (
			);
			inputPaths = (
			);
			name = "Copy Pods Resources";
			outputPaths = (
			);
			runOnlyForDeploymentPostprocessing = 0;
			shellPath = /bin/sh;
			shellScript = "\"${SRCROOT}/Pods/Target Support Files/Pods/Pods-resources.sh\"\n";
			showEnvVarsInLog = 0;
		};
/* End PBXShellScriptBuildPhase section */

/* Begin PBXSourcesBuildPhase section */
		A06033B3198005660057A8AC /* Sources */ = {
			isa = PBXSourcesBuildPhase;
			buildActionMask = 2147483647;
			files = (
				A06033CB198005660057A8AC /* JTAppDelegate.m in Sources */,
				A060340919815A740057A8AC /* UIView+JTLocalizeExtensions.m in Sources */,
				A06033D1198005660057A8AC /* JTViewController.m in Sources */,
				A06033FF198119020057A8AC /* DTAttributedLabel+JTLocalizeExtensions.m in Sources */,
				FC70600A1AA5DC5000E55088 /* JTSwiftPOC.swift in Sources */,
				A06034021981374E0057A8AC /* JTAttributedLabelWithLink.m in Sources */,
				A06033C7198005660057A8AC /* main.m in Sources */,
			);
			runOnlyForDeploymentPostprocessing = 0;
		};
/* End PBXSourcesBuildPhase section */

/* Begin PBXVariantGroup section */
		FC7060111AA895D000E55088 /* Main.storyboard */ = {
			isa = PBXVariantGroup;
			children = (
				FC7060101AA895D000E55088 /* Base */,
				FC7060131AA895DE00E55088 /* he */,
			);
			name = Main.storyboard;
			sourceTree = "<group>";
		};
/* End PBXVariantGroup section */

/* Begin XCBuildConfiguration section */
		A06033E7198005670057A8AC /* Debug */ = {
			isa = XCBuildConfiguration;
			buildSettings = {
				ALWAYS_SEARCH_USER_PATHS = NO;
				CLANG_CXX_LANGUAGE_STANDARD = "gnu++0x";
				CLANG_CXX_LIBRARY = "libc++";
				CLANG_ENABLE_MODULES = YES;
				CLANG_ENABLE_OBJC_ARC = YES;
				CLANG_WARN_BOOL_CONVERSION = YES;
				CLANG_WARN_CONSTANT_CONVERSION = YES;
				CLANG_WARN_DIRECT_OBJC_ISA_USAGE = YES_ERROR;
				CLANG_WARN_EMPTY_BODY = YES;
				CLANG_WARN_ENUM_CONVERSION = YES;
				CLANG_WARN_INT_CONVERSION = YES;
				CLANG_WARN_OBJC_ROOT_CLASS = YES_ERROR;
				CLANG_WARN__DUPLICATE_METHOD_MATCH = YES;
				"CODE_SIGN_IDENTITY[sdk=iphoneos*]" = "iPhone Developer";
				COPY_PHASE_STRIP = NO;
				GCC_C_LANGUAGE_STANDARD = gnu99;
				GCC_DYNAMIC_NO_PIC = NO;
				GCC_OPTIMIZATION_LEVEL = 0;
				GCC_PREPROCESSOR_DEFINITIONS = (
					"DEBUG=1",
					"$(inherited)",
				);
				GCC_SYMBOLS_PRIVATE_EXTERN = NO;
				GCC_WARN_64_TO_32_BIT_CONVERSION = YES;
				GCC_WARN_ABOUT_RETURN_TYPE = YES_ERROR;
				GCC_WARN_UNDECLARED_SELECTOR = YES;
				GCC_WARN_UNINITIALIZED_AUTOS = YES_AGGRESSIVE;
				GCC_WARN_UNUSED_FUNCTION = YES;
				GCC_WARN_UNUSED_VARIABLE = YES;
				IPHONEOS_DEPLOYMENT_TARGET = 7.1;
				ONLY_ACTIVE_ARCH = YES;
				SDKROOT = iphoneos;
			};
			name = Debug;
		};
		A06033E8198005670057A8AC /* Release */ = {
			isa = XCBuildConfiguration;
			buildSettings = {
				ALWAYS_SEARCH_USER_PATHS = NO;
				CLANG_CXX_LANGUAGE_STANDARD = "gnu++0x";
				CLANG_CXX_LIBRARY = "libc++";
				CLANG_ENABLE_MODULES = YES;
				CLANG_ENABLE_OBJC_ARC = YES;
				CLANG_WARN_BOOL_CONVERSION = YES;
				CLANG_WARN_CONSTANT_CONVERSION = YES;
				CLANG_WARN_DIRECT_OBJC_ISA_USAGE = YES_ERROR;
				CLANG_WARN_EMPTY_BODY = YES;
				CLANG_WARN_ENUM_CONVERSION = YES;
				CLANG_WARN_INT_CONVERSION = YES;
				CLANG_WARN_OBJC_ROOT_CLASS = YES_ERROR;
				CLANG_WARN__DUPLICATE_METHOD_MATCH = YES;
				"CODE_SIGN_IDENTITY[sdk=iphoneos*]" = "iPhone Developer";
				COPY_PHASE_STRIP = YES;
				ENABLE_NS_ASSERTIONS = NO;
				GCC_C_LANGUAGE_STANDARD = gnu99;
				GCC_WARN_64_TO_32_BIT_CONVERSION = YES;
				GCC_WARN_ABOUT_RETURN_TYPE = YES_ERROR;
				GCC_WARN_UNDECLARED_SELECTOR = YES;
				GCC_WARN_UNINITIALIZED_AUTOS = YES_AGGRESSIVE;
				GCC_WARN_UNUSED_FUNCTION = YES;
				GCC_WARN_UNUSED_VARIABLE = YES;
				IPHONEOS_DEPLOYMENT_TARGET = 7.1;
				SDKROOT = iphoneos;
				VALIDATE_PRODUCT = YES;
			};
			name = Release;
		};
		A06033EA198005670057A8AC /* Debug */ = {
			isa = XCBuildConfiguration;
			baseConfigurationReference = BC23987EF043E41D4C4C0D9B /* Pods.debug.xcconfig */;
			buildSettings = {
				ASSETCATALOG_COMPILER_APPICON_NAME = AppIcon;
				ASSETCATALOG_COMPILER_LAUNCHIMAGE_NAME = LaunchImage;
				CLANG_ENABLE_MODULES = YES;
				GCC_PRECOMPILE_PREFIX_HEADER = YES;
				GCC_PREFIX_HEADER = "JTLocalizeExample/JTLocalizeExample-Prefix.pch";
				INFOPLIST_FILE = "JTLocalizeExample/JTLocalizeExample-Info.plist";
				LD_RUNPATH_SEARCH_PATHS = "$(inherited) @executable_path/Frameworks";
				PRODUCT_NAME = "$(TARGET_NAME)";
				SWIFT_OBJC_BRIDGING_HEADER = "JTLocalizeExample/JTLocalizeExample-Bridging-Header.h";
				SWIFT_OPTIMIZATION_LEVEL = "-Onone";
				WRAPPER_EXTENSION = app;
			};
			name = Debug;
		};
		A06033EB198005670057A8AC /* Release */ = {
			isa = XCBuildConfiguration;
			baseConfigurationReference = 704788B19F54AD7921602F93 /* Pods.release.xcconfig */;
			buildSettings = {
				ASSETCATALOG_COMPILER_APPICON_NAME = AppIcon;
				ASSETCATALOG_COMPILER_LAUNCHIMAGE_NAME = LaunchImage;
				CLANG_ENABLE_MODULES = YES;
				GCC_PRECOMPILE_PREFIX_HEADER = YES;
				GCC_PREFIX_HEADER = "JTLocalizeExample/JTLocalizeExample-Prefix.pch";
				INFOPLIST_FILE = "JTLocalizeExample/JTLocalizeExample-Info.plist";
				LD_RUNPATH_SEARCH_PATHS = "$(inherited) @executable_path/Frameworks";
				PRODUCT_NAME = "$(TARGET_NAME)";
				SWIFT_OBJC_BRIDGING_HEADER = "JTLocalizeExample/JTLocalizeExample-Bridging-Header.h";
				WRAPPER_EXTENSION = app;
			};
			name = Release;
		};
/* End XCBuildConfiguration section */

/* Begin XCConfigurationList section */
		A06033B2198005660057A8AC /* Build configuration list for PBXProject "JTLocalizeExample" */ = {
			isa = XCConfigurationList;
			buildConfigurations = (
				A06033E7198005670057A8AC /* Debug */,
				A06033E8198005670057A8AC /* Release */,
			);
			defaultConfigurationIsVisible = 0;
			defaultConfigurationName = Release;
		};
		A06033E9198005670057A8AC /* Build configuration list for PBXNativeTarget "JTLocalizeExample" */ = {
			isa = XCConfigurationList;
			buildConfigurations = (
				A06033EA198005670057A8AC /* Debug */,
				A06033EB198005670057A8AC /* Release */,
			);
			defaultConfigurationIsVisible = 0;
			defaultConfigurationName = Release;
		};
/* End XCConfigurationList section */
	};
	rootObject = A06033AF198005660057A8AC /* Project object */;
}
